{
  "name": "Bliss-Website",
  "version": "0.0.1",
  "lockfileVersion": 1,
  "requires": true,
  "dependencies": {
    "@astrojs/sitemap": {
      "version": "3.1.4",
      "resolved": "https://registry.npmjs.org/@astrojs/sitemap/-/sitemap-3.1.4.tgz",
      "integrity": "sha512-po8CqDCK14O6phU1mB5C8SyVLyQEa+7pJM8oXxs1mVh8DgvxxaA5E7lak1vzOmBcyyyHBW32jakGqNYc66sBRw==",
      "requires": {
        "sitemap": "^7.1.1",
        "stream-replace-string": "^2.0.0",
        "zod": "^3.22.4"
      }
    },
    "@types/node": {
      "version": "17.0.45",
      "resolved": "https://registry.npmjs.org/@types/node/-/node-17.0.45.tgz",
      "integrity": "sha512-w+tIMs3rq2afQdsPJlODhoUEKzFP1ayaoyl1CcnwtIlsVe7K7bA1NGm4s3PraqTLlXnbIN84zuBlxBWo1u9BLw=="
    },
    "@types/sax": {
      "version": "1.2.7",
      "resolved": "https://registry.npmjs.org/@types/sax/-/sax-1.2.7.tgz",
      "integrity": "sha512-rO73L89PJxeYM3s3pPPjiPgVVcymqU490g0YO5n5By0k2Erzj6tay/4lr1CHAAU4JyOWd1rpQ8bCf6cZfHU96A==",
      "requires": {
        "@types/node": "*"
      }
    },
    "arg": {
      "version": "5.0.2",
      "resolved": "https://registry.npmjs.org/arg/-/arg-5.0.2.tgz",
      "integrity": "sha512-PYjyFOLKQ9y57JvQ6QLo8dAgNqswh8M1RMJYdQduT6xbWSgK36P/Z/v+p888pM69jMMfS8Xd8F6I1kQ/I9HUGg=="
    },
    "astro-robots-txt": {
      "version": "1.0.0",
      "resolved": "https://registry.npmjs.org/astro-robots-txt/-/astro-robots-txt-1.0.0.tgz",
      "integrity": "sha512-6JQSLid4gMhoWjOm85UHLkgrw0+hHIjnJVIUqxjU2D6feKlVyYukMNYjH44ZDZBK1P8hNxd33PgWlHzCASvedA==",
      "requires": {
        "valid-filename": "^4.0.0",
        "zod": "^3.22.2"
      }
    },
    "astro-sitemap": {
      "version": "1.0.0",
      "resolved": "https://registry.npmjs.org/astro-sitemap/-/astro-sitemap-1.0.0.tgz",
      "integrity": "sha512-N4cbJplN/eeP+V3I9ndbpWdr82oyjxRSqAp9yP2RetbvrnvHeDiJ9THLtRuvqw/UkvH94AToVfzpVBe+/4ZHXA==",
      "requires": {
        "minimatch": "^9.0.3",
        "sitemap": "^7.1.1",
        "zod": "^3.22.2"
      }
    },
    "balanced-match": {
      "version": "1.0.2",
      "resolved": "https://registry.npmjs.org/balanced-match/-/balanced-match-1.0.2.tgz",
      "integrity": "sha512-3oSeUO0TMV67hN1AmbXsK4yaqU7tjiHlbxRDZOpH0KW9+CeX4bRAaX0Anxt0tx2MrpRpWwQaPwIlISEJhYU5Pw=="
    },
    "brace-expansion": {
      "version": "2.0.1",
      "resolved": "https://registry.npmjs.org/brace-expansion/-/brace-expansion-2.0.1.tgz",
      "integrity": "sha512-XnAIvQ8eM+kC6aULx6wuQiwVsnzsi9d3WxzV3FpWTGA19F621kwdbsAcFKXgKUHZWsy+mY6iL1sHTxWEFCytDA==",
      "requires": {
        "balanced-match": "^1.0.0"
      }
    },
    "filename-reserved-regex": {
      "version": "3.0.0",
      "resolved": "https://registry.npmjs.org/filename-reserved-regex/-/filename-reserved-regex-3.0.0.tgz",
      "integrity": "sha512-hn4cQfU6GOT/7cFHXBqeBg2TbrMBgdD0kcjLhvSQYYwm3s4B6cjvBfb7nBALJLAXqmU5xajSa7X2NnUud/VCdw=="
    },
    "minimatch": {
      "version": "9.0.4",
      "resolved": "https://registry.npmjs.org/minimatch/-/minimatch-9.0.4.tgz",
      "integrity": "sha512-KqWh+VchfxcMNRAJjj2tnsSJdNbHsVgnkBhTNrW7AjVo6OvLtxw8zfT9oLw1JSohlFzJ8jCoTgaoXvJ+kHt6fw==",
      "requires": {
        "brace-expansion": "^2.0.1"
      }
    },
    "sax": {
      "version": "1.3.0",
      "resolved": "https://registry.npmjs.org/sax/-/sax-1.3.0.tgz",
      "integrity": "sha512-0s+oAmw9zLl1V1cS9BtZN7JAd0cW5e0QH4W3LWEK6a4LaLEA2OTpGYWDY+6XasBLtz6wkm3u1xRw95mRuJ59WA=="
    },
    "sitemap": {
      "version": "7.1.1",
      "resolved": "https://registry.npmjs.org/sitemap/-/sitemap-7.1.1.tgz",
      "integrity": "sha512-mK3aFtjz4VdJN0igpIJrinf3EO8U8mxOPsTBzSsy06UtjZQJ3YY3o3Xa7zSc5nMqcMrRwlChHZ18Kxg0caiPBg==",
      "requires": {
        "@types/node": "^17.0.5",
        "@types/sax": "^1.2.1",
        "arg": "^5.0.0",
        "sax": "^1.2.4"
      }
    },
    "stream-replace-string": {
      "version": "2.0.0",
      "resolved": "https://registry.npmjs.org/stream-replace-string/-/stream-replace-string-2.0.0.tgz",
      "integrity": "sha512-TlnjJ1C0QrmxRNrON00JvaFFlNh5TTG00APw23j74ET7gkQpTASi6/L2fuiav8pzK715HXtUeClpBTw2NPSn6w=="
    },
    "valid-filename": {
      "version": "4.0.0",
      "resolved": "https://registry.npmjs.org/valid-filename/-/valid-filename-4.0.0.tgz",
      "integrity": "sha512-VEYTpTVPMgO799f2wI7zWf0x2C54bPX6NAfbZ2Z8kZn76p+3rEYCTYVYzMUcVSMvakxMQTriBf24s3+WeXJtEg==",
      "requires": {
        "filename-reserved-regex": "^3.0.0"
      }
    },
    "zod": {
      "version": "3.23.4",
      "resolved": "https://registry.npmjs.org/zod/-/zod-3.23.4.tgz",
      "integrity": "sha512-/AtWOKbBgjzEYYQRNfoGKHObgfAZag6qUJX1VbHo2PRBgS+wfWagEY2mizjfyAPcGesrJOcx/wcl0L9WnVrHFw=="
    }
  }
}
